// !$*UTF8*$!
{
	archiveVersion = 1;
	classes = {
	};
	objectVersion = 46;
	objects = {

/* Begin PBXBuildFile section */
		3A3D40601D1A7A0400A7071F /* FRecognizeFromFileViewController.swift in Sources */ = {isa = PBXBuildFile; fileRef = 3A3D405F1D1A7A0400A7071F /* FRecognizeFromFileViewController.swift */; };
		3ADF538C1D196DEE007D772A /* AppDelegate.swift in Sources */ = {isa = PBXBuildFile; fileRef = 3ADF538B1D196DEE007D772A /* AppDelegate.swift */; };
		3ADF538E1D196DEE007D772A /* ViewController.swift in Sources */ = {isa = PBXBuildFile; fileRef = 3ADF538D1D196DEE007D772A /* ViewController.swift */; };
		3ADF53911D196DEE007D772A /* Main.storyboard in Resources */ = {isa = PBXBuildFile; fileRef = 3ADF538F1D196DEE007D772A /* Main.storyboard */; };
		3ADF53931D196DEE007D772A /* Assets.xcassets in Resources */ = {isa = PBXBuildFile; fileRef = 3ADF53921D196DEE007D772A /* Assets.xcassets */; };
		3ADF53961D196DEE007D772A /* LaunchScreen.storyboard in Resources */ = {isa = PBXBuildFile; fileRef = 3ADF53941D196DEE007D772A /* LaunchScreen.storyboard */; };
		3ADF539E1D198AEE007D772A /* 001-sibutomo.mp3 in Resources */ = {isa = PBXBuildFile; fileRef = 3ADF539D1D198AEE007D772A /* 001-sibutomo.mp3 */; };
/* End PBXBuildFile section */

/* Begin PBXFileReference section */
		3A3D405F1D1A7A0400A7071F /* FRecognizeFromFileViewController.swift */ = {isa = PBXFileReference; fileEncoding = 4; lastKnownFileType = sourcecode.swift; path = FRecognizeFromFileViewController.swift; sourceTree = "<group>"; };
		3ADF53881D196DEE007D772A /* SpeechRecognizerApp.app */ = {isa = PBXFileReference; explicitFileType = wrapper.application; includeInIndex = 0; path = SpeechRecognizerApp.app; sourceTree = BUILT_PRODUCTS_DIR; };
		3ADF538B1D196DEE007D772A /* AppDelegate.swift */ = {isa = PBXFileReference; lastKnownFileType = sourcecode.swift; path = AppDelegate.swift; sourceTree = "<group>"; };
		3ADF538D1D196DEE007D772A /* ViewController.swift */ = {isa = PBXFileReference; lastKnownFileType = sourcecode.swift; path = ViewController.swift; sourceTree = "<group>"; };
		3ADF53901D196DEE007D772A /* Base */ = {isa = PBXFileReference; lastKnownFileType = file.storyboard; name = Base; path = Base.lproj/Main.storyboard; sourceTree = "<group>"; };
		3ADF53921D196DEE007D772A /* Assets.xcassets */ = {isa = PBXFileReference; lastKnownFileType = folder.assetcatalog; path = Assets.xcassets; sourceTree = "<group>"; };
		3ADF53951D196DEE007D772A /* Base */ = {isa = PBXFileReference; lastKnownFileType = file.storyboard; name = Base; path = Base.lproj/LaunchScreen.storyboard; sourceTree = "<group>"; };
		3ADF53971D196DEE007D772A /* Info.plist */ = {isa = PBXFileReference; lastKnownFileType = text.plist.xml; path = Info.plist; sourceTree = "<group>"; };
		3ADF539D1D198AEE007D772A /* 001-sibutomo.mp3 */ = {isa = PBXFileReference; lastKnownFileType = audio.mp3; path = "001-sibutomo.mp3"; sourceTree = "<group>"; };
/* End PBXFileReference section */

/* Begin PBXFrameworksBuildPhase section */
		3ADF53851D196DEE007D772A /* Frameworks */ = {
			isa = PBXFrameworksBuildPhase;
			buildActionMask = 2147483647;
			files = (
			);
			runOnlyForDeploymentPostprocessing = 0;
		};
/* End PBXFrameworksBuildPhase section */

/* Begin PBXGroup section */
		3ADF537F1D196DEE007D772A = {
			isa = PBXGroup;
			children = (
				3ADF538A1D196DEE007D772A /* SpeechRecognizerApp */,
				3ADF53891D196DEE007D772A /* Products */,
			);
			sourceTree = "<group>";
		};
		3ADF53891D196DEE007D772A /* Products */ = {
			isa = PBXGroup;
			children = (
				3ADF53881D196DEE007D772A /* SpeechRecognizerApp.app */,
			);
			name = Products;
			sourceTree = "<group>";
		};
		3ADF538A1D196DEE007D772A /* SpeechRecognizerApp */ = {
			isa = PBXGroup;
			children = (
				3ADF539D1D198AEE007D772A /* 001-sibutomo.mp3 */,
				3ADF538B1D196DEE007D772A /* AppDelegate.swift */,
				3ADF538D1D196DEE007D772A /* ViewController.swift */,
				3A3D405F1D1A7A0400A7071F /* FRecognizeFromFileViewController.swift */,
				3ADF538F1D196DEE007D772A /* Main.storyboard */,
				3ADF53921D196DEE007D772A /* Assets.xcassets */,
				3ADF53941D196DEE007D772A /* LaunchScreen.storyboard */,
				3ADF53971D196DEE007D772A /* Info.plist */,
			);
			path = SpeechRecognizerApp;
			sourceTree = "<group>";
		};
/* End PBXGroup section */

/* Begin PBXNativeTarget section */
		3ADF53871D196DEE007D772A /* SpeechRecognizerApp */ = {
			isa = PBXNativeTarget;
			buildConfigurationList = 3ADF539A1D196DEE007D772A /* Build configuration list for PBXNativeTarget "SpeechRecognizerApp" */;
			buildPhases = (
				3ADF53841D196DEE007D772A /* Sources */,
				3ADF53851D196DEE007D772A /* Frameworks */,
				3ADF53861D196DEE007D772A /* Resources */,
			);
			buildRules = (
			);
			dependencies = (
			);
			name = SpeechRecognizerApp;
			productName = SpeechRecognizerApp;
			productReference = 3ADF53881D196DEE007D772A /* SpeechRecognizerApp.app */;
			productType = "com.apple.product-type.application";
		};
/* End PBXNativeTarget section */

/* Begin PBXProject section */
		3ADF53801D196DEE007D772A /* Project object */ = {
			isa = PBXProject;
			attributes = {
				LastSwiftUpdateCheck = 0800;
				LastUpgradeCheck = 0800;
				ORGANIZATIONNAME = "VOYAGE GROUP, Inc.";
				TargetAttributes = {
					3ADF53871D196DEE007D772A = {
						CreatedOnToolsVersion = 8.0;
						DevelopmentTeam = YT838T8CB7;
						DevelopmentTeamName = "takayuki sei";
						ProvisioningStyle = Automatic;
					};
				};
			};
			buildConfigurationList = 3ADF53831D196DEE007D772A /* Build configuration list for PBXProject "SpeechRecognizerApp" */;
			compatibilityVersion = "Xcode 3.2";
			developmentRegion = English;
			hasScannedForEncodings = 0;
			knownRegions = (
				en,
				Base,
			);
			mainGroup = 3ADF537F1D196DEE007D772A;
			productRefGroup = 3ADF53891D196DEE007D772A /* Products */;
			projectDirPath = "";
			projectRoot = "";
			targets = (
				3ADF53871D196DEE007D772A /* SpeechRecognizerApp */,
			);
		};
/* End PBXProject section */

/* Begin PBXResourcesBuildPhase section */
		3ADF53861D196DEE007D772A /* Resources */ = {
			isa = PBXResourcesBuildPhase;
			buildActionMask = 2147483647;
			files = (
				3ADF53961D196DEE007D772A /* LaunchScreen.storyboard in Resources */,
				3ADF53931D196DEE007D772A /* Assets.xcassets in Resources */,
				3ADF539E1D198AEE007D772A /* 001-sibutomo.mp3 in Resources */,
				3ADF53911D196DEE007D772A /* Main.storyboard in Resources */,
			);
			runOnlyForDeploymentPostprocessing = 0;
		};
/* End PBXResourcesBuildPhase section */

/* Begin PBXSourcesBuildPhase section */
		3ADF53841D196DEE007D772A /* Sources */ = {
			isa = PBXSourcesBuildPhase;
			buildActionMask = 2147483647;
			files = (
				3A3D40601D1A7A0400A7071F /* FRecognizeFromFileViewController.swift in Sources */,
				3ADF538E1D196DEE007D772A /* ViewController.swift in Sources */,
				3ADF538C1D196DEE007D772A /* AppDelegate.swift in Sources */,
			);
			runOnlyForDeploymentPostprocessing = 0;
		};
/* End PBXSourcesBuildPhase section */

/* Begin PBXVariantGroup section */
		3ADF538F1D196DEE007D772A /* Main.storyboard */ = {
			isa = PBXVariantGroup;
			children = (
				3ADF53901D196DEE007D772A /* Base */,
			);
			name = Main.storyboard;
			sourceTree = "<group>";
		};
		3ADF53941D196DEE007D772A /* LaunchScreen.storyboard */ = {
			isa = PBXVariantGroup;
			children = (
				3ADF53951D196DEE007D772A /* Base */,
			);
			name = LaunchScreen.storyboard;
			sourceTree = "<group>";
		};
/* End PBXVariantGroup section */

/* Begin XCBuildConfiguration section */
		3ADF53981D196DEE007D772A /* Debug */ = {
			isa = XCBuildConfiguration;
			buildSettings = {
				ALWAYS_SEARCH_USER_PATHS = NO;
				CLANG_ANALYZER_NONNULL = YES;
				CLANG_CXX_LANGUAGE_STANDARD = "gnu++0x";
				CLANG_CXX_LIBRARY = "libc++";
				CLANG_ENABLE_MODULES = YES;
				CLANG_ENABLE_OBJC_ARC = YES;
				CLANG_WARN_BOOL_CONVERSION = YES;
				CLANG_WARN_CONSTANT_CONVERSION = YES;
				CLANG_WARN_DIRECT_OBJC_ISA_USAGE = YES_ERROR;
				CLANG_WARN_DOCUMENTATION_COMMENTS = YES;
				CLANG_WARN_EMPTY_BODY = YES;
				CLANG_WARN_ENUM_CONVERSION = YES;
				CLANG_WARN_INT_CONVERSION = YES;
				CLANG_WARN_OBJC_ROOT_CLASS = YES_ERROR;
				CLANG_WARN_UNREACHABLE_CODE = YES;
				CLANG_WARN__DUPLICATE_METHOD_MATCH = YES;
				"CODE_SIGN_IDENTITY[sdk=iphoneos*]" = "iPhone Developer";
				COPY_PHASE_STRIP = NO;
				DEBUG_INFORMATION_FORMAT = dwarf;
				ENABLE_STRICT_OBJC_MSGSEND = YES;
				ENABLE_TESTABILITY = YES;
				GCC_C_LANGUAGE_STANDARD = gnu99;
				GCC_DYNAMIC_NO_PIC = NO;
				GCC_NO_COMMON_BLOCKS = YES;
				GCC_OPTIMIZATION_LEVEL = 0;
				GCC_PREPROCESSOR_DEFINITIONS = (
					"DEBUG=1",
					"$(inherited)",
				);
				GCC_WARN_64_TO_32_BIT_CONVERSION = YES;
				GCC_WARN_ABOUT_RETURN_TYPE = YES_ERROR;
				GCC_WARN_UNDECLARED_SELECTOR = YES;
				GCC_WARN_UNINITIALIZED_AUTOS = YES_AGGRESSIVE;
				GCC_WARN_UNUSED_FUNCTION = YES;
				GCC_WARN_UNUSED_VARIABLE = YES;
				IPHONEOS_DEPLOYMENT_TARGET = 10.0;
				MTL_ENABLE_DEBUG_INFO = YES;
				ONLY_ACTIVE_ARCH = YES;
				SDKROOT = iphoneos;
				SWIFT_ACTIVE_COMPILATION_CONDITIONS = DEBUG;
				SWIFT_OPTIMIZATION_LEVEL = "-Onone";
			};
			name = Debug;
		};
		3ADF53991D196DEE007D772A /* Release */ = {
			isa = XCBuildConfiguration;
			buildSettings = {
				ALWAYS_SEARCH_USER_PATHS = NO;
				CLANG_ANALYZER_NONNULL = YES;
				CLANG_CXX_LANGUAGE_STANDARD = "gnu++0x";
				CLANG_CXX_LIBRARY = "libc++";
				CLANG_ENABLE_MODULES = YES;
				CLANG_ENABLE_OBJC_ARC = YES;
				CLANG_WARN_BOOL_CONVERSION = YES;
				CLANG_WARN_CONSTANT_CONVERSION = YES;
				CLANG_WARN_DIRECT_OBJC_ISA_USAGE = YES_ERROR;
				CLANG_WARN_DOCUMENTATION_COMMENTS = YES;
				CLANG_WARN_EMPTY_BODY = YES;
				CLANG_WARN_ENUM_CONVERSION = YES;
				CLANG_WARN_INT_CONVERSION = YES;
				CLANG_WARN_OBJC_ROOT_CLASS = YES_ERROR;
				CLANG_WARN_UNREACHABLE_CODE = YES;
				CLANG_WARN__DUPLICATE_METHOD_MATCH = YES;
				"CODE_SIGN_IDENTITY[sdk=iphoneos*]" = "iPhone Developer";
				COPY_PHASE_STRIP = NO;
				DEBUG_INFORMATION_FORMAT = "dwarf-with-dsym";
				ENABLE_NS_ASSERTIONS = NO;
				ENABLE_STRICT_OBJC_MSGSEND = YES;
				GCC_C_LANGUAGE_STANDARD = gnu99;
				GCC_NO_COMMON_BLOCKS = YES;
				GCC_WARN_64_TO_32_BIT_CONVERSION = YES;
				GCC_WARN_ABOUT_RETURN_TYPE = YES_ERROR;
				GCC_WARN_UNDECLARED_SELECTOR = YES;
				GCC_WARN_UNINITIALIZED_AUTOS = YES_AGGRESSIVE;
				GCC_WARN_UNUSED_FUNCTION = YES;
				GCC_WARN_UNUSED_VARIABLE = YES;
				IPHONEOS_DEPLOYMENT_TARGET = 10.0;
				MTL_ENABLE_DEBUG_INFO = NO;
				SDKROOT = iphoneos;
				SWIFT_OPTIMIZATION_LEVEL = "-Owholemodule";
				VALIDATE_PRODUCT = YES;
			};
			name = Release;
		};
		3ADF539B1D196DEE007D772A /* Debug */ = {
			isa = XCBuildConfiguration;
			buildSettings = {
				ASSETCATALOG_COMPILER_APPICON_NAME = AppIcon;
				INFOPLIST_FILE = SpeechRecognizerApp/Info.plist;
				LD_RUNPATH_SEARCH_PATHS = "$(inherited) @executable_path/Frameworks";
				PRODUCT_BUNDLE_IDENTIFIER = com.voyagegroup.SpeechRecognizerApp;
				PRODUCT_NAME = "$(TARGET_NAME)";
				SWIFT_VERSION = 3.0;
			};
			name = Debug;
		};
		3ADF539C1D196DEE007D772A /* Release */ = {
			isa = XCBuildConfiguration;
			buildSettings = {
				ASSETCATALOG_COMPILER_APPICON_NAME = AppIcon;
				INFOPLIST_FILE = SpeechRecognizerApp/Info.plist;
				LD_RUNPATH_SEARCH_PATHS = "$(inherited) @executable_path/Frameworks";
				PRODUCT_BUNDLE_IDENTIFIER = com.voyagegroup.SpeechRecognizerApp;
				PRODUCT_NAME = "$(TARGET_NAME)";
				SWIFT_VERSION = 3.0;
			};
			name = Release;
		};
/* End XCBuildConfiguration section */

/* Begin XCConfigurationList section */
		3ADF53831D196DEE007D772A /* Build configuration list for PBXProject "SpeechRecognizerApp" */ = {
			isa = XCConfigurationList;
			buildConfigurations = (
				3ADF53981D196DEE007D772A /* Debug */,
				3ADF53991D196DEE007D772A /* Release */,
			);
			defaultConfigurationIsVisible = 0;
			defaultConfigurationName = Release;
		};
		3ADF539A1D196DEE007D772A /* Build configuration list for PBXNativeTarget "SpeechRecognizerApp" */ = {
			isa = XCConfigurationList;
			buildConfigurations = (
				3ADF539B1D196DEE007D772A /* Debug */,
				3ADF539C1D196DEE007D772A /* Release */,
			);
			defaultConfigurationIsVisible = 0;
			defaultConfigurationName = Release;
		};
/* End XCConfigurationList section */
	};
	rootObject = 3ADF53801D196DEE007D772A /* Project object */;
}
